
Microsoft Visual Studio Solution File, Format Version 12.00
# Visual Studio Version 17
VisualStudioVersion = 17.0.31903.59
MinimumVisualStudioVersion = 10.0.40219.1
Project("{FAE04EC0-301F-11D3-BF4B-00C04F79EFBC}") = "day1", "src\day1.csproj", "{68C2F65A-A782-4259-8CB9-F2E18FBABA68}"
EndProject
Project("{FAE04EC0-301F-11D3-BF4B-00C04F79EFBC}") = "test", "test\test.csproj", "{A964DC71-D302-44E0-9CF4-229F41CA0D69}"
EndProject
Global
	GlobalSection(SolutionConfigurationPlatforms) = preSolution
		Debug|Any CPU = Debug|Any CPU
		Release|Any CPU = Release|Any CPU
	EndGlobalSection
	GlobalSection(SolutionProperties) = preSolution
		HideSolutionNode = FALSE
	EndGlobalSection
	GlobalSection(ProjectConfigurationPlatforms) = postSolution
		{68C2F65A-A782-4259-8CB9-F2E18FBABA68}.Debug|Any CPU.ActiveCfg = Debug|Any CPU
		{68C2F65A-A782-4259-8CB9-F2E18FBABA68}.Debug|Any CPU.Build.0 = Debug|Any CPU
		{68C2F65A-A782-4259-8CB9-F2E18FBABA68}.Release|Any CPU.ActiveCfg = Release|Any CPU
		{68C2F65A-A782-4259-8CB9-F2E18FBABA68}.Release|Any CPU.Build.0 = Release|Any CPU
		{A964DC71-D302-44E0-9CF4-229F41CA0D69}.Debug|Any CPU.ActiveCfg = Debug|Any CPU
		{A964DC71-D302-44E0-9CF4-229F41CA0D69}.Debug|Any CPU.Build.0 = Debug|Any CPU
		{A964DC71-D302-44E0-9CF4-229F41CA0D69}.Release|Any CPU.ActiveCfg = Release|Any CPU
		{A964DC71-D302-44E0-9CF4-229F41CA0D69}.Release|Any CPU.Build.0 = Release|Any CPU
	EndGlobalSection
EndGlobal
